
Microsoft Visual Studio Solution File, Format Version 12.00
# Visual Studio Version 17
VisualStudioVersion = 17.1.32319.34
MinimumVisualStudioVersion = 10.0.40219.1
Project("{FAE04EC0-301F-11D3-BF4B-00C04F79EFBC}") = "Exercicio03", "Exercicio03\Exercicio03.csproj", "{7959E6E8-B568-469E-87B5-C179C4FE94B0}"
EndProject
Global
	GlobalSection(SolutionConfigurationPlatforms) = preSolution
		Debug|Any CPU = Debug|Any CPU
		Release|Any CPU = Release|Any CPU
	EndGlobalSection
	GlobalSection(ProjectConfigurationPlatforms) = postSolution
		{7959E6E8-B568-469E-87B5-C179C4FE94B0}.Debug|Any CPU.ActiveCfg = Debug|Any CPU
		{7959E6E8-B568-469E-87B5-C179C4FE94B0}.Debug|Any CPU.Build.0 = Debug|Any CPU
		{7959E6E8-B568-469E-87B5-C179C4FE94B0}.Release|Any CPU.ActiveCfg = Release|Any CPU
		{7959E6E8-B568-469E-87B5-C179C4FE94B0}.Release|Any CPU.Build.0 = Release|Any CPU
	EndGlobalSection
	GlobalSection(SolutionProperties) = preSolution
		HideSolutionNode = FALSE
	EndGlobalSection
	GlobalSection(ExtensibilityGlobals) = postSolution
		SolutionGuid = {7626F20E-9573-4B93-89B2-8653EE1BDA84}
	EndGlobalSection
EndGlobal
